
Microsoft Visual Studio Solution File, Format Version 12.00
# Visual Studio Version 17
VisualStudioVersion = 17.11.35312.102
MinimumVisualStudioVersion = 10.0.40219.1
Project("{FAE04EC0-301F-11D3-BF4B-00C04F79EFBC}") = "b1", "bttt\b1.csproj", "{0636C265-4626-4C24-B4AD-2D22D9A30E99}"
EndProject
Project("{FAE04EC0-301F-11D3-BF4B-00C04F79EFBC}") = "b2", "b2\b2.csproj", "{FB6398D1-EC07-437E-A27F-8D5CB723C15F}"
EndProject
Project("{2150E333-8FDC-42A3-9474-1A3956D46DE8}") = "Solution Items", "Solution Items", "{068057B4-CE5D-4C4E-A852-961280E78378}"
EndProject
Project("{FAE04EC0-301F-11D3-BF4B-00C04F79EFBC}") = "b3", "b3\b3.csproj", "{43FB404C-C4B8-457E-9E15-AC8FADC358A6}"
EndProject
Project("{FAE04EC0-301F-11D3-BF4B-00C04F79EFBC}") = "b4", "b4\b4.csproj", "{593BF976-A260-4A3F-9424-6F2CC769E11F}"
EndProject
Project("{FAE04EC0-301F-11D3-BF4B-00C04F79EFBC}") = "b5", "b5\b5.csproj", "{CE2436D4-18D3-4883-9181-C3588D5B6F0B}"
EndProject
Project("{FAE04EC0-301F-11D3-BF4B-00C04F79EFBC}") = "b6", "b6\b6.csproj", "{68DFE629-0D94-42F8-8931-074FB9520E26}"
EndProject
Project("{FAE04EC0-301F-11D3-BF4B-00C04F79EFBC}") = "b7", "b7\b7.csproj", "{8FA9412E-9C20-464B-B0C4-912D35F5EBBA}"
EndProject
Project("{FAE04EC0-301F-11D3-BF4B-00C04F79EFBC}") = "b8", "b8\b8.csproj", "{67E88F88-8B01-4721-AF28-056727A2CC1D}"
EndProject
Project("{FAE04EC0-301F-11D3-BF4B-00C04F79EFBC}") = "b9", "b9\b9.csproj", "{641C4A06-2F0D-46D1-9A3E-84817AA88713}"
EndProject
Project("{FAE04EC0-301F-11D3-BF4B-00C04F79EFBC}") = "b10", "b10\b10.csproj", "{9E4E36B7-6FE1-4AE0-93FF-C8EF8322840C}"
EndProject
Project("{FAE04EC0-301F-11D3-BF4B-00C04F79EFBC}") = "b11", "b11\b11.csproj", "{E975F9B7-C43D-4399-B031-5FB133D31622}"
EndProject
Project("{FAE04EC0-301F-11D3-BF4B-00C04F79EFBC}") = "b12", "b12\b12.csproj", "{8070AAEA-78F8-4282-8CF2-1D15C28BF7A3}"
EndProject
Project("{FAE04EC0-301F-11D3-BF4B-00C04F79EFBC}") = "b13", "13\b13.csproj", "{CD222CF0-A580-4258-8210-F29781B8058E}"
EndProject
Project("{FAE04EC0-301F-11D3-BF4B-00C04F79EFBC}") = "b14", "b14\b14.csproj", "{DEA1A06E-6477-488E-A834-D5A9F1BE1F61}"
EndProject
Project("{FAE04EC0-301F-11D3-BF4B-00C04F79EFBC}") = "b15", "b15\b15.csproj", "{2AFBB84E-06B5-4068-B236-F8AF4FA3BB89}"
EndProject
Project("{FAE04EC0-301F-11D3-BF4B-00C04F79EFBC}") = "b16", "b16\b16.csproj", "{A00C2EED-842A-4A51-86D2-541531300E1A}"
EndProject
Project("{FAE04EC0-301F-11D3-BF4B-00C04F79EFBC}") = "b17", "b17\b17.csproj", "{BB4EB097-EDA7-4591-BF1C-C0C44ED0CA77}"
EndProject
Project("{FAE04EC0-301F-11D3-BF4B-00C04F79EFBC}") = "b18", "b18\b18.csproj", "{C7F539A3-FB0E-4CE9-ACC7-344E8DEDB2AA}"
EndProject
Project("{FAE04EC0-301F-11D3-BF4B-00C04F79EFBC}") = "b19", "b19\b19.csproj", "{71AFF90B-BDF7-4848-856C-6C77B4B5B6E1}"
EndProject
Project("{FAE04EC0-301F-11D3-BF4B-00C04F79EFBC}") = "b20", "b20\b20.csproj", "{E08187E6-B353-4006-B688-EF538B1B4155}"
EndProject
Project("{FAE04EC0-301F-11D3-BF4B-00C04F79EFBC}") = "b24", "b24\b24.csproj", "{E44329A1-742C-4648-B00E-59E27B77A8EC}"
EndProject
Project("{FAE04EC0-301F-11D3-BF4B-00C04F79EFBC}") = "b23", "b23\b23.csproj", "{0079A0BF-2845-4188-8772-FF89525D531E}"
EndProject
Project("{FAE04EC0-301F-11D3-BF4B-00C04F79EFBC}") = "b25", "b25\b25.csproj", "{A6BD2AF6-E8B5-4F6A-A2FC-8A20BDEE93E3}"
EndProject
Project("{FAE04EC0-301F-11D3-BF4B-00C04F79EFBC}") = "b26", "b26\b26.csproj", "{DD349260-0071-4825-B2FB-8967D54CA6BA}"
EndProject
Project("{FAE04EC0-301F-11D3-BF4B-00C04F79EFBC}") = "b27", "b27\b27.csproj", "{CE5BA7E5-04D9-4765-8002-08455AE5E15C}"
EndProject
Project("{FAE04EC0-301F-11D3-BF4B-00C04F79EFBC}") = "b28", "b28\b28.csproj", "{D258DD05-9188-4623-8193-8165E2D5B2E6}"
EndProject
Project("{FAE04EC0-301F-11D3-BF4B-00C04F79EFBC}") = "b29", "b29\b29.csproj", "{62BE66EE-5064-4BE1-8846-249C1961C16C}"
EndProject
Project("{FAE04EC0-301F-11D3-BF4B-00C04F79EFBC}") = "b30", "b30\b30.csproj", "{F99965DB-7DBD-4D43-8656-740E0ACE102F}"
EndProject
Project("{FAE04EC0-301F-11D3-BF4B-00C04F79EFBC}") = "b31", "b31\b31.csproj", "{D9E3A332-8022-4169-AFAA-C65D25330E2F}"
EndProject
Project("{FAE04EC0-301F-11D3-BF4B-00C04F79EFBC}") = "b32", "b32\b32.csproj", "{79723C96-980E-4D3C-B4D3-F6EB85C012B2}"
EndProject
Project("{FAE04EC0-301F-11D3-BF4B-00C04F79EFBC}") = "b33", "b33\b33.csproj", "{7B640A92-6F4B-489D-A74D-B03C50B0DA57}"
EndProject
Project("{FAE04EC0-301F-11D3-BF4B-00C04F79EFBC}") = "b34", "b34\b34.csproj", "{928A1A3A-9337-480E-93BF-E5B872F83806}"
EndProject
Project("{FAE04EC0-301F-11D3-BF4B-00C04F79EFBC}") = "b35", "b35\b35.csproj", "{4AC7F00C-EB85-49C0-9EC2-CE7B312E964F}"
EndProject
Project("{FAE04EC0-301F-11D3-BF4B-00C04F79EFBC}") = "b36", "b36\b36.csproj", "{56357EBE-2F56-4AC4-9F12-A51AFCA828C5}"
EndProject
Project("{FAE04EC0-301F-11D3-BF4B-00C04F79EFBC}") = "b37", "b37\b37.csproj", "{0D268FB1-6BC0-48C6-911C-29581EB32AFF}"
EndProject
Project("{FAE04EC0-301F-11D3-BF4B-00C04F79EFBC}") = "b38", "b38\b38.csproj", "{7BC606D3-569B-4574-9F67-9DFA8826CBAB}"
EndProject
Project("{FAE04EC0-301F-11D3-BF4B-00C04F79EFBC}") = "b39", "b39\b39.csproj", "{0095A71F-8E8C-41B2-99EB-E637F80A4CDE}"
EndProject
Project("{FAE04EC0-301F-11D3-BF4B-00C04F79EFBC}") = "b40", "b40\b40.csproj", "{5647EC8B-1318-428F-AB55-9D5ABB2DF9EC}"
EndProject
Project("{FAE04EC0-301F-11D3-BF4B-00C04F79EFBC}") = "b41", "b41\b41.csproj", "{47215C9F-AFE1-4E71-819D-AD2F4CAC3466}"
EndProject
Project("{FAE04EC0-301F-11D3-BF4B-00C04F79EFBC}") = "b42", "b42\b42.csproj", "{11394253-AF09-46B8-8BDC-BF1D46596AE3}"
EndProject
Project("{FAE04EC0-301F-11D3-BF4B-00C04F79EFBC}") = "b43", "b43\b43.csproj", "{3CE4BB95-0DD2-4933-81CE-9C03382E1743}"
EndProject
Global
	GlobalSection(SolutionConfigurationPlatforms) = preSolution
		Debug|Any CPU = Debug|Any CPU
		Release|Any CPU = Release|Any CPU
	EndGlobalSection
	GlobalSection(ProjectConfigurationPlatforms) = postSolution
		{0636C265-4626-4C24-B4AD-2D22D9A30E99}.Debug|Any CPU.ActiveCfg = Debug|Any CPU
		{0636C265-4626-4C24-B4AD-2D22D9A30E99}.Debug|Any CPU.Build.0 = Debug|Any CPU
		{0636C265-4626-4C24-B4AD-2D22D9A30E99}.Release|Any CPU.ActiveCfg = Release|Any CPU
		{0636C265-4626-4C24-B4AD-2D22D9A30E99}.Release|Any CPU.Build.0 = Release|Any CPU
		{FB6398D1-EC07-437E-A27F-8D5CB723C15F}.Debug|Any CPU.ActiveCfg = Debug|Any CPU
		{FB6398D1-EC07-437E-A27F-8D5CB723C15F}.Debug|Any CPU.Build.0 = Debug|Any CPU
		{FB6398D1-EC07-437E-A27F-8D5CB723C15F}.Release|Any CPU.ActiveCfg = Release|Any CPU
		{FB6398D1-EC07-437E-A27F-8D5CB723C15F}.Release|Any CPU.Build.0 = Release|Any CPU
		{43FB404C-C4B8-457E-9E15-AC8FADC358A6}.Debug|Any CPU.ActiveCfg = Debug|Any CPU
		{43FB404C-C4B8-457E-9E15-AC8FADC358A6}.Debug|Any CPU.Build.0 = Debug|Any CPU
		{43FB404C-C4B8-457E-9E15-AC8FADC358A6}.Release|Any CPU.ActiveCfg = Release|Any CPU
		{43FB404C-C4B8-457E-9E15-AC8FADC358A6}.Release|Any CPU.Build.0 = Release|Any CPU
		{593BF976-A260-4A3F-9424-6F2CC769E11F}.Debug|Any CPU.ActiveCfg = Debug|Any CPU
		{593BF976-A260-4A3F-9424-6F2CC769E11F}.Debug|Any CPU.Build.0 = Debug|Any CPU
		{593BF976-A260-4A3F-9424-6F2CC769E11F}.Release|Any CPU.ActiveCfg = Release|Any CPU
		{593BF976-A260-4A3F-9424-6F2CC769E11F}.Release|Any CPU.Build.0 = Release|Any CPU
		{CE2436D4-18D3-4883-9181-C3588D5B6F0B}.Debug|Any CPU.ActiveCfg = Debug|Any CPU
		{CE2436D4-18D3-4883-9181-C3588D5B6F0B}.Debug|Any CPU.Build.0 = Debug|Any CPU
		{CE2436D4-18D3-4883-9181-C3588D5B6F0B}.Release|Any CPU.ActiveCfg = Release|Any CPU
		{CE2436D4-18D3-4883-9181-C3588D5B6F0B}.Release|Any CPU.Build.0 = Release|Any CPU
		{68DFE629-0D94-42F8-8931-074FB9520E26}.Debug|Any CPU.ActiveCfg = Debug|Any CPU
		{68DFE629-0D94-42F8-8931-074FB9520E26}.Debug|Any CPU.Build.0 = Debug|Any CPU
		{68DFE629-0D94-42F8-8931-074FB9520E26}.Release|Any CPU.ActiveCfg = Release|Any CPU
		{68DFE629-0D94-42F8-8931-074FB9520E26}.Release|Any CPU.Build.0 = Release|Any CPU
		{8FA9412E-9C20-464B-B0C4-912D35F5EBBA}.Debug|Any CPU.ActiveCfg = Debug|Any CPU
		{8FA9412E-9C20-464B-B0C4-912D35F5EBBA}.Debug|Any CPU.Build.0 = Debug|Any CPU
		{8FA9412E-9C20-464B-B0C4-912D35F5EBBA}.Release|Any CPU.ActiveCfg = Release|Any CPU
		{8FA9412E-9C20-464B-B0C4-912D35F5EBBA}.Release|Any CPU.Build.0 = Release|Any CPU
		{67E88F88-8B01-4721-AF28-056727A2CC1D}.Debug|Any CPU.ActiveCfg = Debug|Any CPU
		{67E88F88-8B01-4721-AF28-056727A2CC1D}.Debug|Any CPU.Build.0 = Debug|Any CPU
		{67E88F88-8B01-4721-AF28-056727A2CC1D}.Release|Any CPU.ActiveCfg = Release|Any CPU
		{67E88F88-8B01-4721-AF28-056727A2CC1D}.Release|Any CPU.Build.0 = Release|Any CPU
		{641C4A06-2F0D-46D1-9A3E-84817AA88713}.Debug|Any CPU.ActiveCfg = Debug|Any CPU
		{641C4A06-2F0D-46D1-9A3E-84817AA88713}.Debug|Any CPU.Build.0 = Debug|Any CPU
		{641C4A06-2F0D-46D1-9A3E-84817AA88713}.Release|Any CPU.ActiveCfg = Release|Any CPU
		{641C4A06-2F0D-46D1-9A3E-84817AA88713}.Release|Any CPU.Build.0 = Release|Any CPU
		{9E4E36B7-6FE1-4AE0-93FF-C8EF8322840C}.Debug|Any CPU.ActiveCfg = Debug|Any CPU
		{9E4E36B7-6FE1-4AE0-93FF-C8EF8322840C}.Debug|Any CPU.Build.0 = Debug|Any CPU
		{9E4E36B7-6FE1-4AE0-93FF-C8EF8322840C}.Release|Any CPU.ActiveCfg = Release|Any CPU
		{9E4E36B7-6FE1-4AE0-93FF-C8EF8322840C}.Release|Any CPU.Build.0 = Release|Any CPU
		{E975F9B7-C43D-4399-B031-5FB133D31622}.Debug|Any CPU.ActiveCfg = Debug|Any CPU
		{E975F9B7-C43D-4399-B031-5FB133D31622}.Debug|Any CPU.Build.0 = Debug|Any CPU
		{E975F9B7-C43D-4399-B031-5FB133D31622}.Release|Any CPU.ActiveCfg = Release|Any CPU
		{E975F9B7-C43D-4399-B031-5FB133D31622}.Release|Any CPU.Build.0 = Release|Any CPU
		{8070AAEA-78F8-4282-8CF2-1D15C28BF7A3}.Debug|Any CPU.ActiveCfg = Debug|Any CPU
		{8070AAEA-78F8-4282-8CF2-1D15C28BF7A3}.Debug|Any CPU.Build.0 = Debug|Any CPU
		{8070AAEA-78F8-4282-8CF2-1D15C28BF7A3}.Release|Any CPU.ActiveCfg = Release|Any CPU
		{8070AAEA-78F8-4282-8CF2-1D15C28BF7A3}.Release|Any CPU.Build.0 = Release|Any CPU
		{CD222CF0-A580-4258-8210-F29781B8058E}.Debug|Any CPU.ActiveCfg = Debug|Any CPU
		{CD222CF0-A580-4258-8210-F29781B8058E}.Debug|Any CPU.Build.0 = Debug|Any CPU
		{CD222CF0-A580-4258-8210-F29781B8058E}.Release|Any CPU.ActiveCfg = Release|Any CPU
		{CD222CF0-A580-4258-8210-F29781B8058E}.Release|Any CPU.Build.0 = Release|Any CPU
		{DEA1A06E-6477-488E-A834-D5A9F1BE1F61}.Debug|Any CPU.ActiveCfg = Debug|Any CPU
		{DEA1A06E-6477-488E-A834-D5A9F1BE1F61}.Debug|Any CPU.Build.0 = Debug|Any CPU
		{DEA1A06E-6477-488E-A834-D5A9F1BE1F61}.Release|Any CPU.ActiveCfg = Release|Any CPU
		{DEA1A06E-6477-488E-A834-D5A9F1BE1F61}.Release|Any CPU.Build.0 = Release|Any CPU
		{2AFBB84E-06B5-4068-B236-F8AF4FA3BB89}.Debug|Any CPU.ActiveCfg = Debug|Any CPU
		{2AFBB84E-06B5-4068-B236-F8AF4FA3BB89}.Debug|Any CPU.Build.0 = Debug|Any CPU
		{2AFBB84E-06B5-4068-B236-F8AF4FA3BB89}.Release|Any CPU.ActiveCfg = Release|Any CPU
		{2AFBB84E-06B5-4068-B236-F8AF4FA3BB89}.Release|Any CPU.Build.0 = Release|Any CPU
		{A00C2EED-842A-4A51-86D2-541531300E1A}.Debug|Any CPU.ActiveCfg = Debug|Any CPU
		{A00C2EED-842A-4A51-86D2-541531300E1A}.Debug|Any CPU.Build.0 = Debug|Any CPU
		{A00C2EED-842A-4A51-86D2-541531300E1A}.Release|Any CPU.ActiveCfg = Release|Any CPU
		{A00C2EED-842A-4A51-86D2-541531300E1A}.Release|Any CPU.Build.0 = Release|Any CPU
		{BB4EB097-EDA7-4591-BF1C-C0C44ED0CA77}.Debug|Any CPU.ActiveCfg = Debug|Any CPU
		{BB4EB097-EDA7-4591-BF1C-C0C44ED0CA77}.Debug|Any CPU.Build.0 = Debug|Any CPU
		{BB4EB097-EDA7-4591-BF1C-C0C44ED0CA77}.Release|Any CPU.ActiveCfg = Release|Any CPU
		{BB4EB097-EDA7-4591-BF1C-C0C44ED0CA77}.Release|Any CPU.Build.0 = Release|Any CPU
		{C7F539A3-FB0E-4CE9-ACC7-344E8DEDB2AA}.Debug|Any CPU.ActiveCfg = Debug|Any CPU
		{C7F539A3-FB0E-4CE9-ACC7-344E8DEDB2AA}.Debug|Any CPU.Build.0 = Debug|Any CPU
		{C7F539A3-FB0E-4CE9-ACC7-344E8DEDB2AA}.Release|Any CPU.ActiveCfg = Release|Any CPU
		{C7F539A3-FB0E-4CE9-ACC7-344E8DEDB2AA}.Release|Any CPU.Build.0 = Release|Any CPU
		{71AFF90B-BDF7-4848-856C-6C77B4B5B6E1}.Debug|Any CPU.ActiveCfg = Debug|Any CPU
		{71AFF90B-BDF7-4848-856C-6C77B4B5B6E1}.Debug|Any CPU.Build.0 = Debug|Any CPU
		{71AFF90B-BDF7-4848-856C-6C77B4B5B6E1}.Release|Any CPU.ActiveCfg = Release|Any CPU
		{71AFF90B-BDF7-4848-856C-6C77B4B5B6E1}.Release|Any CPU.Build.0 = Release|Any CPU
		{E08187E6-B353-4006-B688-EF538B1B4155}.Debug|Any CPU.ActiveCfg = Debug|Any CPU
		{E08187E6-B353-4006-B688-EF538B1B4155}.Debug|Any CPU.Build.0 = Debug|Any CPU
		{E08187E6-B353-4006-B688-EF538B1B4155}.Release|Any CPU.ActiveCfg = Release|Any CPU
		{E08187E6-B353-4006-B688-EF538B1B4155}.Release|Any CPU.Build.0 = Release|Any CPU
		{E44329A1-742C-4648-B00E-59E27B77A8EC}.Debug|Any CPU.ActiveCfg = Debug|Any CPU
		{E44329A1-742C-4648-B00E-59E27B77A8EC}.Debug|Any CPU.Build.0 = Debug|Any CPU
		{E44329A1-742C-4648-B00E-59E27B77A8EC}.Release|Any CPU.ActiveCfg = Release|Any CPU
		{E44329A1-742C-4648-B00E-59E27B77A8EC}.Release|Any CPU.Build.0 = Release|Any CPU
		{0079A0BF-2845-4188-8772-FF89525D531E}.Debug|Any CPU.ActiveCfg = Debug|Any CPU
		{0079A0BF-2845-4188-8772-FF89525D531E}.Debug|Any CPU.Build.0 = Debug|Any CPU
		{0079A0BF-2845-4188-8772-FF89525D531E}.Release|Any CPU.ActiveCfg = Release|Any CPU
		{0079A0BF-2845-4188-8772-FF89525D531E}.Release|Any CPU.Build.0 = Release|Any CPU
		{A6BD2AF6-E8B5-4F6A-A2FC-8A20BDEE93E3}.Debug|Any CPU.ActiveCfg = Debug|Any CPU
		{A6BD2AF6-E8B5-4F6A-A2FC-8A20BDEE93E3}.Debug|Any CPU.Build.0 = Debug|Any CPU
		{A6BD2AF6-E8B5-4F6A-A2FC-8A20BDEE93E3}.Release|Any CPU.ActiveCfg = Release|Any CPU
		{A6BD2AF6-E8B5-4F6A-A2FC-8A20BDEE93E3}.Release|Any CPU.Build.0 = Release|Any CPU
		{DD349260-0071-4825-B2FB-8967D54CA6BA}.Debug|Any CPU.ActiveCfg = Debug|Any CPU
		{DD349260-0071-4825-B2FB-8967D54CA6BA}.Debug|Any CPU.Build.0 = Debug|Any CPU
		{DD349260-0071-4825-B2FB-8967D54CA6BA}.Release|Any CPU.ActiveCfg = Release|Any CPU
		{DD349260-0071-4825-B2FB-8967D54CA6BA}.Release|Any CPU.Build.0 = Release|Any CPU
		{CE5BA7E5-04D9-4765-8002-08455AE5E15C}.Debug|Any CPU.ActiveCfg = Debug|Any CPU
		{CE5BA7E5-04D9-4765-8002-08455AE5E15C}.Debug|Any CPU.Build.0 = Debug|Any CPU
		{CE5BA7E5-04D9-4765-8002-08455AE5E15C}.Release|Any CPU.ActiveCfg = Release|Any CPU
		{CE5BA7E5-04D9-4765-8002-08455AE5E15C}.Release|Any CPU.Build.0 = Release|Any CPU
		{D258DD05-9188-4623-8193-8165E2D5B2E6}.Debug|Any CPU.ActiveCfg = Debug|Any CPU
		{D258DD05-9188-4623-8193-8165E2D5B2E6}.Debug|Any CPU.Build.0 = Debug|Any CPU
		{D258DD05-9188-4623-8193-8165E2D5B2E6}.Release|Any CPU.ActiveCfg = Release|Any CPU
		{D258DD05-9188-4623-8193-8165E2D5B2E6}.Release|Any CPU.Build.0 = Release|Any CPU
		{62BE66EE-5064-4BE1-8846-249C1961C16C}.Debug|Any CPU.ActiveCfg = Debug|Any CPU
		{62BE66EE-5064-4BE1-8846-249C1961C16C}.Debug|Any CPU.Build.0 = Debug|Any CPU
		{62BE66EE-5064-4BE1-8846-249C1961C16C}.Release|Any CPU.ActiveCfg = Release|Any CPU
		{62BE66EE-5064-4BE1-8846-249C1961C16C}.Release|Any CPU.Build.0 = Release|Any CPU
		{F99965DB-7DBD-4D43-8656-740E0ACE102F}.Debug|Any CPU.ActiveCfg = Debug|Any CPU
		{F99965DB-7DBD-4D43-8656-740E0ACE102F}.Debug|Any CPU.Build.0 = Debug|Any CPU
		{F99965DB-7DBD-4D43-8656-740E0ACE102F}.Release|Any CPU.ActiveCfg = Release|Any CPU
		{F99965DB-7DBD-4D43-8656-740E0ACE102F}.Release|Any CPU.Build.0 = Release|Any CPU
		{D9E3A332-8022-4169-AFAA-C65D25330E2F}.Debug|Any CPU.ActiveCfg = Debug|Any CPU
		{D9E3A332-8022-4169-AFAA-C65D25330E2F}.Debug|Any CPU.Build.0 = Debug|Any CPU
		{D9E3A332-8022-4169-AFAA-C65D25330E2F}.Release|Any CPU.ActiveCfg = Release|Any CPU
		{D9E3A332-8022-4169-AFAA-C65D25330E2F}.Release|Any CPU.Build.0 = Release|Any CPU
		{79723C96-980E-4D3C-B4D3-F6EB85C012B2}.Debug|Any CPU.ActiveCfg = Debug|Any CPU
		{79723C96-980E-4D3C-B4D3-F6EB85C012B2}.Debug|Any CPU.Build.0 = Debug|Any CPU
		{79723C96-980E-4D3C-B4D3-F6EB85C012B2}.Release|Any CPU.ActiveCfg = Release|Any CPU
		{79723C96-980E-4D3C-B4D3-F6EB85C012B2}.Release|Any CPU.Build.0 = Release|Any CPU
		{7B640A92-6F4B-489D-A74D-B03C50B0DA57}.Debug|Any CPU.ActiveCfg = Debug|Any CPU
		{7B640A92-6F4B-489D-A74D-B03C50B0DA57}.Debug|Any CPU.Build.0 = Debug|Any CPU
		{7B640A92-6F4B-489D-A74D-B03C50B0DA57}.Release|Any CPU.ActiveCfg = Release|Any CPU
		{7B640A92-6F4B-489D-A74D-B03C50B0DA57}.Release|Any CPU.Build.0 = Release|Any CPU
		{928A1A3A-9337-480E-93BF-E5B872F83806}.Debug|Any CPU.ActiveCfg = Debug|Any CPU
		{928A1A3A-9337-480E-93BF-E5B872F83806}.Debug|Any CPU.Build.0 = Debug|Any CPU
		{928A1A3A-9337-480E-93BF-E5B872F83806}.Release|Any CPU.ActiveCfg = Release|Any CPU
		{928A1A3A-9337-480E-93BF-E5B872F83806}.Release|Any CPU.Build.0 = Release|Any CPU
		{4AC7F00C-EB85-49C0-9EC2-CE7B312E964F}.Debug|Any CPU.ActiveCfg = Debug|Any CPU
		{4AC7F00C-EB85-49C0-9EC2-CE7B312E964F}.Debug|Any CPU.Build.0 = Debug|Any CPU
		{4AC7F00C-EB85-49C0-9EC2-CE7B312E964F}.Release|Any CPU.ActiveCfg = Release|Any CPU
		{4AC7F00C-EB85-49C0-9EC2-CE7B312E964F}.Release|Any CPU.Build.0 = Release|Any CPU
		{56357EBE-2F56-4AC4-9F12-A51AFCA828C5}.Debug|Any CPU.ActiveCfg = Debug|Any CPU
		{56357EBE-2F56-4AC4-9F12-A51AFCA828C5}.Debug|Any CPU.Build.0 = Debug|Any CPU
		{56357EBE-2F56-4AC4-9F12-A51AFCA828C5}.Release|Any CPU.ActiveCfg = Release|Any CPU
		{56357EBE-2F56-4AC4-9F12-A51AFCA828C5}.Release|Any CPU.Build.0 = Release|Any CPU
		{0D268FB1-6BC0-48C6-911C-29581EB32AFF}.Debug|Any CPU.ActiveCfg = Debug|Any CPU
		{0D268FB1-6BC0-48C6-911C-29581EB32AFF}.Debug|Any CPU.Build.0 = Debug|Any CPU
		{0D268FB1-6BC0-48C6-911C-29581EB32AFF}.Release|Any CPU.ActiveCfg = Release|Any CPU
		{0D268FB1-6BC0-48C6-911C-29581EB32AFF}.Release|Any CPU.Build.0 = Release|Any CPU
		{7BC606D3-569B-4574-9F67-9DFA8826CBAB}.Debug|Any CPU.ActiveCfg = Debug|Any CPU
		{7BC606D3-569B-4574-9F67-9DFA8826CBAB}.Debug|Any CPU.Build.0 = Debug|Any CPU
		{7BC606D3-569B-4574-9F67-9DFA8826CBAB}.Release|Any CPU.ActiveCfg = Release|Any CPU
		{7BC606D3-569B-4574-9F67-9DFA8826CBAB}.Release|Any CPU.Build.0 = Release|Any CPU
		{0095A71F-8E8C-41B2-99EB-E637F80A4CDE}.Debug|Any CPU.ActiveCfg = Debug|Any CPU
		{0095A71F-8E8C-41B2-99EB-E637F80A4CDE}.Debug|Any CPU.Build.0 = Debug|Any CPU
		{0095A71F-8E8C-41B2-99EB-E637F80A4CDE}.Release|Any CPU.ActiveCfg = Release|Any CPU
		{0095A71F-8E8C-41B2-99EB-E637F80A4CDE}.Release|Any CPU.Build.0 = Release|Any CPU
		{5647EC8B-1318-428F-AB55-9D5ABB2DF9EC}.Debug|Any CPU.ActiveCfg = Debug|Any CPU
		{5647EC8B-1318-428F-AB55-9D5ABB2DF9EC}.Debug|Any CPU.Build.0 = Debug|Any CPU
		{5647EC8B-1318-428F-AB55-9D5ABB2DF9EC}.Release|Any CPU.ActiveCfg = Release|Any CPU
		{5647EC8B-1318-428F-AB55-9D5ABB2DF9EC}.Release|Any CPU.Build.0 = Release|Any CPU
		{47215C9F-AFE1-4E71-819D-AD2F4CAC3466}.Debug|Any CPU.ActiveCfg = Debug|Any CPU
		{47215C9F-AFE1-4E71-819D-AD2F4CAC3466}.Debug|Any CPU.Build.0 = Debug|Any CPU
		{47215C9F-AFE1-4E71-819D-AD2F4CAC3466}.Release|Any CPU.ActiveCfg = Release|Any CPU
		{47215C9F-AFE1-4E71-819D-AD2F4CAC3466}.Release|Any CPU.Build.0 = Release|Any CPU
		{11394253-AF09-46B8-8BDC-BF1D46596AE3}.Debug|Any CPU.ActiveCfg = Debug|Any CPU
		{11394253-AF09-46B8-8BDC-BF1D46596AE3}.Debug|Any CPU.Build.0 = Debug|Any CPU
		{11394253-AF09-46B8-8BDC-BF1D46596AE3}.Release|Any CPU.ActiveCfg = Release|Any CPU
		{11394253-AF09-46B8-8BDC-BF1D46596AE3}.Release|Any CPU.Build.0 = Release|Any CPU
		{3CE4BB95-0DD2-4933-81CE-9C03382E1743}.Debug|Any CPU.ActiveCfg = Debug|Any CPU
		{3CE4BB95-0DD2-4933-81CE-9C03382E1743}.Debug|Any CPU.Build.0 = Debug|Any CPU
		{3CE4BB95-0DD2-4933-81CE-9C03382E1743}.Release|Any CPU.ActiveCfg = Release|Any CPU
		{3CE4BB95-0DD2-4933-81CE-9C03382E1743}.Release|Any CPU.Build.0 = Release|Any CPU
	EndGlobalSection
	GlobalSection(SolutionProperties) = preSolution
		HideSolutionNode = FALSE
	EndGlobalSection
	GlobalSection(ExtensibilityGlobals) = postSolution
		SolutionGuid = {8A31BF37-6320-4256-9994-8F7F6C80278A}
	EndGlobalSection
EndGlobal
