
Microsoft Visual Studio Solution File, Format Version 12.00
# Visual Studio Version 17
VisualStudioVersion = 17.11.35312.102
MinimumVisualStudioVersion = 10.0.40219.1
Project("{9A19103F-16F7-4668-BE54-9A1E7A4F7556}") = "b1", "b1\b1.csproj", "{90597B72-43A8-43F1-83D1-ED12ACEE52F2}"
EndProject
Project("{9A19103F-16F7-4668-BE54-9A1E7A4F7556}") = "b2", "b2\b2.csproj", "{69E3C24B-F8CA-4DBF-9D70-136832A2AC06}"
EndProject
Project("{9A19103F-16F7-4668-BE54-9A1E7A4F7556}") = "b3", "b3\b3.csproj", "{9E07B7AF-3E26-41E8-BA75-79EDA34F65B1}"
EndProject
Project("{9A19103F-16F7-4668-BE54-9A1E7A4F7556}") = "b4", "b4\b4.csproj", "{22249716-3647-4118-95DC-0809935A46B0}"
EndProject
Project("{9A19103F-16F7-4668-BE54-9A1E7A4F7556}") = "b5", "b5\b5.csproj", "{51F5FD3D-229B-4B60-845B-C5C9C97E2569}"
EndProject
Project("{9A19103F-16F7-4668-BE54-9A1E7A4F7556}") = "b6", "b6\b6.csproj", "{5556C0A9-2DA2-475C-8313-B01A323291D3}"
EndProject
Project("{9A19103F-16F7-4668-BE54-9A1E7A4F7556}") = "b7", "b7\b7.csproj", "{D51605CF-A52C-4D02-A40A-D3930EB24615}"
EndProject
Project("{9A19103F-16F7-4668-BE54-9A1E7A4F7556}") = "b8", "b8\b8.csproj", "{0C27C833-C35B-4957-85B0-2AAE1DBC5D13}"
EndProject
Project("{9A19103F-16F7-4668-BE54-9A1E7A4F7556}") = "b9", "b9\b9.csproj", "{510442D5-DBE5-40A5-97A2-FAEC153BEF7A}"
EndProject
Project("{9A19103F-16F7-4668-BE54-9A1E7A4F7556}") = "b10", "b10\b10.csproj", "{9DE256EC-4210-4C4C-96A4-994B8F8FEBC3}"
EndProject
Project("{9A19103F-16F7-4668-BE54-9A1E7A4F7556}") = "b11", "b11\b11.csproj", "{CFC3DB05-C74B-4A60-B736-9EE866960D0C}"
EndProject
Project("{9A19103F-16F7-4668-BE54-9A1E7A4F7556}") = "b12", "b12\b12.csproj", "{31185386-404F-430C-9153-B191EC0C11C5}"
EndProject
Project("{9A19103F-16F7-4668-BE54-9A1E7A4F7556}") = "b13", "b13\b13.csproj", "{88AEAD3A-0F9A-44AF-84EB-B2B463A4F29B}"
EndProject
Project("{9A19103F-16F7-4668-BE54-9A1E7A4F7556}") = "b14", "b14\b14.csproj", "{CEEAC22B-3688-453C-AACA-650470296DB2}"
EndProject
Project("{9A19103F-16F7-4668-BE54-9A1E7A4F7556}") = "b15", "b15\b15.csproj", "{F08A96C6-A744-403C-BEBC-F20DE426065C}"
EndProject
Project("{9A19103F-16F7-4668-BE54-9A1E7A4F7556}") = "b16", "b16\b16.csproj", "{2F9C3FD5-5070-4E1C-B87D-F53FC4AE756B}"
EndProject
Project("{9A19103F-16F7-4668-BE54-9A1E7A4F7556}") = "b17", "b17\b17.csproj", "{1DAF0D7C-6835-45BE-88F6-AB4F7E3570DF}"
EndProject
Project("{9A19103F-16F7-4668-BE54-9A1E7A4F7556}") = "b18", "b18\b18.csproj", "{839F6A00-BDB5-4D0A-8254-6FDC167B4ED1}"
EndProject
Project("{9A19103F-16F7-4668-BE54-9A1E7A4F7556}") = "b19", "b19\b19.csproj", "{DCCF4387-0CD2-4908-8292-15A15F72555E}"
EndProject
Project("{9A19103F-16F7-4668-BE54-9A1E7A4F7556}") = "b21", "b21\b21.csproj", "{61F8C74E-279B-4FDB-A227-13FCC83269A5}"
EndProject
Project("{9A19103F-16F7-4668-BE54-9A1E7A4F7556}") = "b22", "b22\b22.csproj", "{C1E77666-50D3-40D8-8C55-F0F565453096}"
EndProject
Project("{9A19103F-16F7-4668-BE54-9A1E7A4F7556}") = "b23", "b23\b23.csproj", "{58C98EFE-7FE9-4DC5-9FDE-DE38CF4C028A}"
EndProject
Project("{9A19103F-16F7-4668-BE54-9A1E7A4F7556}") = "b24", "b24\b24.csproj", "{9DC6AB10-CC3F-48AD-884A-1E0137F0DC26}"
EndProject
Project("{9A19103F-16F7-4668-BE54-9A1E7A4F7556}") = "b25", "b25\b25.csproj", "{3D25243A-B81C-43B8-9861-1E02C85D05DC}"
EndProject
Project("{9A19103F-16F7-4668-BE54-9A1E7A4F7556}") = "b26", "b26\b26.csproj", "{4116D6E0-4014-4C3F-A5CF-A4C8A9160E08}"
EndProject
Project("{9A19103F-16F7-4668-BE54-9A1E7A4F7556}") = "b27", "b27\b27.csproj", "{73CB365E-8FD6-4470-A89B-1C42390189B6}"
EndProject
Project("{9A19103F-16F7-4668-BE54-9A1E7A4F7556}") = "b28", "b28\b28.csproj", "{BD4AC639-B0C9-4096-88A9-114C95274EE6}"
EndProject
Project("{9A19103F-16F7-4668-BE54-9A1E7A4F7556}") = "b29", "b29\b29.csproj", "{ADE6A0A8-275E-4603-86CC-AA1945131261}"
EndProject
Project("{9A19103F-16F7-4668-BE54-9A1E7A4F7556}") = "b30", "b30\b30.csproj", "{B3397FD6-164C-4E39-8555-338451506F50}"
EndProject
Project("{9A19103F-16F7-4668-BE54-9A1E7A4F7556}") = "b31", "b31\b31.csproj", "{E88BD286-D95F-4E69-90CA-AB77E7E7582A}"
EndProject
Project("{9A19103F-16F7-4668-BE54-9A1E7A4F7556}") = "b32", "b32\b32.csproj", "{4750BE19-C0F3-4E5F-9A69-81BAD1755205}"
EndProject
Project("{9A19103F-16F7-4668-BE54-9A1E7A4F7556}") = "b33", "b33\b33.csproj", "{9F91B058-FBFA-4750-BA65-CF9DBD80BCD4}"
EndProject
Project("{9A19103F-16F7-4668-BE54-9A1E7A4F7556}") = "b34", "b34\b34.csproj", "{2961AAC3-0249-4E6B-BD1D-6DC4905504DA}"
EndProject
Project("{9A19103F-16F7-4668-BE54-9A1E7A4F7556}") = "b35", "b35\b35.csproj", "{2DF3A17C-1212-4D83-A57F-1298FC37E854}"
EndProject
Project("{9A19103F-16F7-4668-BE54-9A1E7A4F7556}") = "b36", "b36\b36.csproj", "{AF1F96F4-DF69-412D-AA50-94C4191904DC}"
EndProject
Project("{9A19103F-16F7-4668-BE54-9A1E7A4F7556}") = "b37", "b37\b37.csproj", "{7B401BBE-51F2-4C16-ACD4-EF8977561189}"
EndProject
Project("{9A19103F-16F7-4668-BE54-9A1E7A4F7556}") = "b38", "b38\b38.csproj", "{43C2C1DE-AC87-45DE-ADBF-5648858EE356}"
EndProject
Project("{9A19103F-16F7-4668-BE54-9A1E7A4F7556}") = "b39", "b39\b39.csproj", "{9DDA013A-E9C5-44C6-BD1B-5405865D5695}"
EndProject
Project("{9A19103F-16F7-4668-BE54-9A1E7A4F7556}") = "b40", "b40\b40.csproj", "{8F1ECEE9-6471-4608-B6AB-B0F17E8641E7}"
EndProject
Project("{FAE04EC0-301F-11D3-BF4B-00C04F79EFBC}") = "b41", "b41\b41.csproj", "{82975906-6E47-4DF7-989A-6175BB1E3DE5}"
EndProject
Project("{FAE04EC0-301F-11D3-BF4B-00C04F79EFBC}") = "b42", "b42\b42.csproj", "{99E3CE28-4C35-4252-8E6C-47AB6B4A3E64}"
EndProject
Project("{FAE04EC0-301F-11D3-BF4B-00C04F79EFBC}") = "b43", "b43\b43.csproj", "{78F8C4B1-AE15-444F-96B2-290C86001083}"
EndProject
Project("{FAE04EC0-301F-11D3-BF4B-00C04F79EFBC}") = "b44", "b44\b44.csproj", "{9E235C5A-9E7F-461A-82A2-0510C4A28B02}"
EndProject
Project("{FAE04EC0-301F-11D3-BF4B-00C04F79EFBC}") = "b47", "b47\b47.csproj", "{67E9D800-F1A5-4333-A4E6-B3A478251940}"
EndProject
Global
	GlobalSection(SolutionConfigurationPlatforms) = preSolution
		Debug|Any CPU = Debug|Any CPU
		Release|Any CPU = Release|Any CPU
	EndGlobalSection
	GlobalSection(ProjectConfigurationPlatforms) = postSolution
		{90597B72-43A8-43F1-83D1-ED12ACEE52F2}.Debug|Any CPU.ActiveCfg = Debug|Any CPU
		{90597B72-43A8-43F1-83D1-ED12ACEE52F2}.Debug|Any CPU.Build.0 = Debug|Any CPU
		{90597B72-43A8-43F1-83D1-ED12ACEE52F2}.Release|Any CPU.ActiveCfg = Release|Any CPU
		{90597B72-43A8-43F1-83D1-ED12ACEE52F2}.Release|Any CPU.Build.0 = Release|Any CPU
		{69E3C24B-F8CA-4DBF-9D70-136832A2AC06}.Debug|Any CPU.ActiveCfg = Debug|Any CPU
		{69E3C24B-F8CA-4DBF-9D70-136832A2AC06}.Debug|Any CPU.Build.0 = Debug|Any CPU
		{69E3C24B-F8CA-4DBF-9D70-136832A2AC06}.Release|Any CPU.ActiveCfg = Release|Any CPU
		{69E3C24B-F8CA-4DBF-9D70-136832A2AC06}.Release|Any CPU.Build.0 = Release|Any CPU
		{9E07B7AF-3E26-41E8-BA75-79EDA34F65B1}.Debug|Any CPU.ActiveCfg = Debug|Any CPU
		{9E07B7AF-3E26-41E8-BA75-79EDA34F65B1}.Debug|Any CPU.Build.0 = Debug|Any CPU
		{9E07B7AF-3E26-41E8-BA75-79EDA34F65B1}.Release|Any CPU.ActiveCfg = Release|Any CPU
		{9E07B7AF-3E26-41E8-BA75-79EDA34F65B1}.Release|Any CPU.Build.0 = Release|Any CPU
		{22249716-3647-4118-95DC-0809935A46B0}.Debug|Any CPU.ActiveCfg = Debug|Any CPU
		{22249716-3647-4118-95DC-0809935A46B0}.Debug|Any CPU.Build.0 = Debug|Any CPU
		{22249716-3647-4118-95DC-0809935A46B0}.Release|Any CPU.ActiveCfg = Release|Any CPU
		{22249716-3647-4118-95DC-0809935A46B0}.Release|Any CPU.Build.0 = Release|Any CPU
		{51F5FD3D-229B-4B60-845B-C5C9C97E2569}.Debug|Any CPU.ActiveCfg = Debug|Any CPU
		{51F5FD3D-229B-4B60-845B-C5C9C97E2569}.Debug|Any CPU.Build.0 = Debug|Any CPU
		{51F5FD3D-229B-4B60-845B-C5C9C97E2569}.Release|Any CPU.ActiveCfg = Release|Any CPU
		{51F5FD3D-229B-4B60-845B-C5C9C97E2569}.Release|Any CPU.Build.0 = Release|Any CPU
		{5556C0A9-2DA2-475C-8313-B01A323291D3}.Debug|Any CPU.ActiveCfg = Debug|Any CPU
		{5556C0A9-2DA2-475C-8313-B01A323291D3}.Debug|Any CPU.Build.0 = Debug|Any CPU
		{5556C0A9-2DA2-475C-8313-B01A323291D3}.Release|Any CPU.ActiveCfg = Release|Any CPU
		{5556C0A9-2DA2-475C-8313-B01A323291D3}.Release|Any CPU.Build.0 = Release|Any CPU
		{D51605CF-A52C-4D02-A40A-D3930EB24615}.Debug|Any CPU.ActiveCfg = Debug|Any CPU
		{D51605CF-A52C-4D02-A40A-D3930EB24615}.Debug|Any CPU.Build.0 = Debug|Any CPU
		{D51605CF-A52C-4D02-A40A-D3930EB24615}.Release|Any CPU.ActiveCfg = Release|Any CPU
		{D51605CF-A52C-4D02-A40A-D3930EB24615}.Release|Any CPU.Build.0 = Release|Any CPU
		{0C27C833-C35B-4957-85B0-2AAE1DBC5D13}.Debug|Any CPU.ActiveCfg = Debug|Any CPU
		{0C27C833-C35B-4957-85B0-2AAE1DBC5D13}.Debug|Any CPU.Build.0 = Debug|Any CPU
		{0C27C833-C35B-4957-85B0-2AAE1DBC5D13}.Release|Any CPU.ActiveCfg = Release|Any CPU
		{0C27C833-C35B-4957-85B0-2AAE1DBC5D13}.Release|Any CPU.Build.0 = Release|Any CPU
		{510442D5-DBE5-40A5-97A2-FAEC153BEF7A}.Debug|Any CPU.ActiveCfg = Debug|Any CPU
		{510442D5-DBE5-40A5-97A2-FAEC153BEF7A}.Debug|Any CPU.Build.0 = Debug|Any CPU
		{510442D5-DBE5-40A5-97A2-FAEC153BEF7A}.Release|Any CPU.ActiveCfg = Release|Any CPU
		{510442D5-DBE5-40A5-97A2-FAEC153BEF7A}.Release|Any CPU.Build.0 = Release|Any CPU
		{9DE256EC-4210-4C4C-96A4-994B8F8FEBC3}.Debug|Any CPU.ActiveCfg = Debug|Any CPU
		{9DE256EC-4210-4C4C-96A4-994B8F8FEBC3}.Debug|Any CPU.Build.0 = Debug|Any CPU
		{9DE256EC-4210-4C4C-96A4-994B8F8FEBC3}.Release|Any CPU.ActiveCfg = Release|Any CPU
		{9DE256EC-4210-4C4C-96A4-994B8F8FEBC3}.Release|Any CPU.Build.0 = Release|Any CPU
		{CFC3DB05-C74B-4A60-B736-9EE866960D0C}.Debug|Any CPU.ActiveCfg = Debug|Any CPU
		{CFC3DB05-C74B-4A60-B736-9EE866960D0C}.Debug|Any CPU.Build.0 = Debug|Any CPU
		{CFC3DB05-C74B-4A60-B736-9EE866960D0C}.Release|Any CPU.ActiveCfg = Release|Any CPU
		{CFC3DB05-C74B-4A60-B736-9EE866960D0C}.Release|Any CPU.Build.0 = Release|Any CPU
		{31185386-404F-430C-9153-B191EC0C11C5}.Debug|Any CPU.ActiveCfg = Debug|Any CPU
		{31185386-404F-430C-9153-B191EC0C11C5}.Debug|Any CPU.Build.0 = Debug|Any CPU
		{31185386-404F-430C-9153-B191EC0C11C5}.Release|Any CPU.ActiveCfg = Release|Any CPU
		{31185386-404F-430C-9153-B191EC0C11C5}.Release|Any CPU.Build.0 = Release|Any CPU
		{88AEAD3A-0F9A-44AF-84EB-B2B463A4F29B}.Debug|Any CPU.ActiveCfg = Debug|Any CPU
		{88AEAD3A-0F9A-44AF-84EB-B2B463A4F29B}.Debug|Any CPU.Build.0 = Debug|Any CPU
		{88AEAD3A-0F9A-44AF-84EB-B2B463A4F29B}.Release|Any CPU.ActiveCfg = Release|Any CPU
		{88AEAD3A-0F9A-44AF-84EB-B2B463A4F29B}.Release|Any CPU.Build.0 = Release|Any CPU
		{CEEAC22B-3688-453C-AACA-650470296DB2}.Debug|Any CPU.ActiveCfg = Debug|Any CPU
		{CEEAC22B-3688-453C-AACA-650470296DB2}.Debug|Any CPU.Build.0 = Debug|Any CPU
		{CEEAC22B-3688-453C-AACA-650470296DB2}.Release|Any CPU.ActiveCfg = Release|Any CPU
		{CEEAC22B-3688-453C-AACA-650470296DB2}.Release|Any CPU.Build.0 = Release|Any CPU
		{F08A96C6-A744-403C-BEBC-F20DE426065C}.Debug|Any CPU.ActiveCfg = Debug|Any CPU
		{F08A96C6-A744-403C-BEBC-F20DE426065C}.Debug|Any CPU.Build.0 = Debug|Any CPU
		{F08A96C6-A744-403C-BEBC-F20DE426065C}.Release|Any CPU.ActiveCfg = Release|Any CPU
		{F08A96C6-A744-403C-BEBC-F20DE426065C}.Release|Any CPU.Build.0 = Release|Any CPU
		{2F9C3FD5-5070-4E1C-B87D-F53FC4AE756B}.Debug|Any CPU.ActiveCfg = Debug|Any CPU
		{2F9C3FD5-5070-4E1C-B87D-F53FC4AE756B}.Debug|Any CPU.Build.0 = Debug|Any CPU
		{2F9C3FD5-5070-4E1C-B87D-F53FC4AE756B}.Release|Any CPU.ActiveCfg = Release|Any CPU
		{2F9C3FD5-5070-4E1C-B87D-F53FC4AE756B}.Release|Any CPU.Build.0 = Release|Any CPU
		{1DAF0D7C-6835-45BE-88F6-AB4F7E3570DF}.Debug|Any CPU.ActiveCfg = Debug|Any CPU
		{1DAF0D7C-6835-45BE-88F6-AB4F7E3570DF}.Debug|Any CPU.Build.0 = Debug|Any CPU
		{1DAF0D7C-6835-45BE-88F6-AB4F7E3570DF}.Release|Any CPU.ActiveCfg = Release|Any CPU
		{1DAF0D7C-6835-45BE-88F6-AB4F7E3570DF}.Release|Any CPU.Build.0 = Release|Any CPU
		{839F6A00-BDB5-4D0A-8254-6FDC167B4ED1}.Debug|Any CPU.ActiveCfg = Debug|Any CPU
		{839F6A00-BDB5-4D0A-8254-6FDC167B4ED1}.Debug|Any CPU.Build.0 = Debug|Any CPU
		{839F6A00-BDB5-4D0A-8254-6FDC167B4ED1}.Release|Any CPU.ActiveCfg = Release|Any CPU
		{839F6A00-BDB5-4D0A-8254-6FDC167B4ED1}.Release|Any CPU.Build.0 = Release|Any CPU
		{DCCF4387-0CD2-4908-8292-15A15F72555E}.Debug|Any CPU.ActiveCfg = Debug|Any CPU
		{DCCF4387-0CD2-4908-8292-15A15F72555E}.Debug|Any CPU.Build.0 = Debug|Any CPU
		{DCCF4387-0CD2-4908-8292-15A15F72555E}.Release|Any CPU.ActiveCfg = Release|Any CPU
		{DCCF4387-0CD2-4908-8292-15A15F72555E}.Release|Any CPU.Build.0 = Release|Any CPU
		{61F8C74E-279B-4FDB-A227-13FCC83269A5}.Debug|Any CPU.ActiveCfg = Debug|Any CPU
		{61F8C74E-279B-4FDB-A227-13FCC83269A5}.Debug|Any CPU.Build.0 = Debug|Any CPU
		{61F8C74E-279B-4FDB-A227-13FCC83269A5}.Release|Any CPU.ActiveCfg = Release|Any CPU
		{61F8C74E-279B-4FDB-A227-13FCC83269A5}.Release|Any CPU.Build.0 = Release|Any CPU
		{C1E77666-50D3-40D8-8C55-F0F565453096}.Debug|Any CPU.ActiveCfg = Debug|Any CPU
		{C1E77666-50D3-40D8-8C55-F0F565453096}.Debug|Any CPU.Build.0 = Debug|Any CPU
		{C1E77666-50D3-40D8-8C55-F0F565453096}.Release|Any CPU.ActiveCfg = Release|Any CPU
		{C1E77666-50D3-40D8-8C55-F0F565453096}.Release|Any CPU.Build.0 = Release|Any CPU
		{58C98EFE-7FE9-4DC5-9FDE-DE38CF4C028A}.Debug|Any CPU.ActiveCfg = Debug|Any CPU
		{58C98EFE-7FE9-4DC5-9FDE-DE38CF4C028A}.Debug|Any CPU.Build.0 = Debug|Any CPU
		{58C98EFE-7FE9-4DC5-9FDE-DE38CF4C028A}.Release|Any CPU.ActiveCfg = Release|Any CPU
		{58C98EFE-7FE9-4DC5-9FDE-DE38CF4C028A}.Release|Any CPU.Build.0 = Release|Any CPU
		{9DC6AB10-CC3F-48AD-884A-1E0137F0DC26}.Debug|Any CPU.ActiveCfg = Debug|Any CPU
		{9DC6AB10-CC3F-48AD-884A-1E0137F0DC26}.Debug|Any CPU.Build.0 = Debug|Any CPU
		{9DC6AB10-CC3F-48AD-884A-1E0137F0DC26}.Release|Any CPU.ActiveCfg = Release|Any CPU
		{9DC6AB10-CC3F-48AD-884A-1E0137F0DC26}.Release|Any CPU.Build.0 = Release|Any CPU
		{3D25243A-B81C-43B8-9861-1E02C85D05DC}.Debug|Any CPU.ActiveCfg = Debug|Any CPU
		{3D25243A-B81C-43B8-9861-1E02C85D05DC}.Debug|Any CPU.Build.0 = Debug|Any CPU
		{3D25243A-B81C-43B8-9861-1E02C85D05DC}.Release|Any CPU.ActiveCfg = Release|Any CPU
		{3D25243A-B81C-43B8-9861-1E02C85D05DC}.Release|Any CPU.Build.0 = Release|Any CPU
		{4116D6E0-4014-4C3F-A5CF-A4C8A9160E08}.Debug|Any CPU.ActiveCfg = Debug|Any CPU
		{4116D6E0-4014-4C3F-A5CF-A4C8A9160E08}.Debug|Any CPU.Build.0 = Debug|Any CPU
		{4116D6E0-4014-4C3F-A5CF-A4C8A9160E08}.Release|Any CPU.ActiveCfg = Release|Any CPU
		{4116D6E0-4014-4C3F-A5CF-A4C8A9160E08}.Release|Any CPU.Build.0 = Release|Any CPU
		{73CB365E-8FD6-4470-A89B-1C42390189B6}.Debug|Any CPU.ActiveCfg = Debug|Any CPU
		{73CB365E-8FD6-4470-A89B-1C42390189B6}.Debug|Any CPU.Build.0 = Debug|Any CPU
		{73CB365E-8FD6-4470-A89B-1C42390189B6}.Release|Any CPU.ActiveCfg = Release|Any CPU
		{73CB365E-8FD6-4470-A89B-1C42390189B6}.Release|Any CPU.Build.0 = Release|Any CPU
		{BD4AC639-B0C9-4096-88A9-114C95274EE6}.Debug|Any CPU.ActiveCfg = Debug|Any CPU
		{BD4AC639-B0C9-4096-88A9-114C95274EE6}.Debug|Any CPU.Build.0 = Debug|Any CPU
		{BD4AC639-B0C9-4096-88A9-114C95274EE6}.Release|Any CPU.ActiveCfg = Release|Any CPU
		{BD4AC639-B0C9-4096-88A9-114C95274EE6}.Release|Any CPU.Build.0 = Release|Any CPU
		{ADE6A0A8-275E-4603-86CC-AA1945131261}.Debug|Any CPU.ActiveCfg = Debug|Any CPU
		{ADE6A0A8-275E-4603-86CC-AA1945131261}.Debug|Any CPU.Build.0 = Debug|Any CPU
		{ADE6A0A8-275E-4603-86CC-AA1945131261}.Release|Any CPU.ActiveCfg = Release|Any CPU
		{ADE6A0A8-275E-4603-86CC-AA1945131261}.Release|Any CPU.Build.0 = Release|Any CPU
		{B3397FD6-164C-4E39-8555-338451506F50}.Debug|Any CPU.ActiveCfg = Debug|Any CPU
		{B3397FD6-164C-4E39-8555-338451506F50}.Debug|Any CPU.Build.0 = Debug|Any CPU
		{B3397FD6-164C-4E39-8555-338451506F50}.Release|Any CPU.ActiveCfg = Release|Any CPU
		{B3397FD6-164C-4E39-8555-338451506F50}.Release|Any CPU.Build.0 = Release|Any CPU
		{E88BD286-D95F-4E69-90CA-AB77E7E7582A}.Debug|Any CPU.ActiveCfg = Debug|Any CPU
		{E88BD286-D95F-4E69-90CA-AB77E7E7582A}.Debug|Any CPU.Build.0 = Debug|Any CPU
		{E88BD286-D95F-4E69-90CA-AB77E7E7582A}.Release|Any CPU.ActiveCfg = Release|Any CPU
		{E88BD286-D95F-4E69-90CA-AB77E7E7582A}.Release|Any CPU.Build.0 = Release|Any CPU
		{4750BE19-C0F3-4E5F-9A69-81BAD1755205}.Debug|Any CPU.ActiveCfg = Debug|Any CPU
		{4750BE19-C0F3-4E5F-9A69-81BAD1755205}.Debug|Any CPU.Build.0 = Debug|Any CPU
		{4750BE19-C0F3-4E5F-9A69-81BAD1755205}.Release|Any CPU.ActiveCfg = Release|Any CPU
		{4750BE19-C0F3-4E5F-9A69-81BAD1755205}.Release|Any CPU.Build.0 = Release|Any CPU
		{9F91B058-FBFA-4750-BA65-CF9DBD80BCD4}.Debug|Any CPU.ActiveCfg = Debug|Any CPU
		{9F91B058-FBFA-4750-BA65-CF9DBD80BCD4}.Debug|Any CPU.Build.0 = Debug|Any CPU
		{9F91B058-FBFA-4750-BA65-CF9DBD80BCD4}.Release|Any CPU.ActiveCfg = Release|Any CPU
		{9F91B058-FBFA-4750-BA65-CF9DBD80BCD4}.Release|Any CPU.Build.0 = Release|Any CPU
		{2961AAC3-0249-4E6B-BD1D-6DC4905504DA}.Debug|Any CPU.ActiveCfg = Debug|Any CPU
		{2961AAC3-0249-4E6B-BD1D-6DC4905504DA}.Debug|Any CPU.Build.0 = Debug|Any CPU
		{2961AAC3-0249-4E6B-BD1D-6DC4905504DA}.Release|Any CPU.ActiveCfg = Release|Any CPU
		{2961AAC3-0249-4E6B-BD1D-6DC4905504DA}.Release|Any CPU.Build.0 = Release|Any CPU
		{2DF3A17C-1212-4D83-A57F-1298FC37E854}.Debug|Any CPU.ActiveCfg = Debug|Any CPU
		{2DF3A17C-1212-4D83-A57F-1298FC37E854}.Debug|Any CPU.Build.0 = Debug|Any CPU
		{2DF3A17C-1212-4D83-A57F-1298FC37E854}.Release|Any CPU.ActiveCfg = Release|Any CPU
		{2DF3A17C-1212-4D83-A57F-1298FC37E854}.Release|Any CPU.Build.0 = Release|Any CPU
		{AF1F96F4-DF69-412D-AA50-94C4191904DC}.Debug|Any CPU.ActiveCfg = Debug|Any CPU
		{AF1F96F4-DF69-412D-AA50-94C4191904DC}.Debug|Any CPU.Build.0 = Debug|Any CPU
		{AF1F96F4-DF69-412D-AA50-94C4191904DC}.Release|Any CPU.ActiveCfg = Release|Any CPU
		{AF1F96F4-DF69-412D-AA50-94C4191904DC}.Release|Any CPU.Build.0 = Release|Any CPU
		{7B401BBE-51F2-4C16-ACD4-EF8977561189}.Debug|Any CPU.ActiveCfg = Debug|Any CPU
		{7B401BBE-51F2-4C16-ACD4-EF8977561189}.Debug|Any CPU.Build.0 = Debug|Any CPU
		{7B401BBE-51F2-4C16-ACD4-EF8977561189}.Release|Any CPU.ActiveCfg = Release|Any CPU
		{7B401BBE-51F2-4C16-ACD4-EF8977561189}.Release|Any CPU.Build.0 = Release|Any CPU
		{43C2C1DE-AC87-45DE-ADBF-5648858EE356}.Debug|Any CPU.ActiveCfg = Debug|Any CPU
		{43C2C1DE-AC87-45DE-ADBF-5648858EE356}.Debug|Any CPU.Build.0 = Debug|Any CPU
		{43C2C1DE-AC87-45DE-ADBF-5648858EE356}.Release|Any CPU.ActiveCfg = Release|Any CPU
		{43C2C1DE-AC87-45DE-ADBF-5648858EE356}.Release|Any CPU.Build.0 = Release|Any CPU
		{9DDA013A-E9C5-44C6-BD1B-5405865D5695}.Debug|Any CPU.ActiveCfg = Debug|Any CPU
		{9DDA013A-E9C5-44C6-BD1B-5405865D5695}.Debug|Any CPU.Build.0 = Debug|Any CPU
		{9DDA013A-E9C5-44C6-BD1B-5405865D5695}.Release|Any CPU.ActiveCfg = Release|Any CPU
		{9DDA013A-E9C5-44C6-BD1B-5405865D5695}.Release|Any CPU.Build.0 = Release|Any CPU
		{8F1ECEE9-6471-4608-B6AB-B0F17E8641E7}.Debug|Any CPU.ActiveCfg = Debug|Any CPU
		{8F1ECEE9-6471-4608-B6AB-B0F17E8641E7}.Debug|Any CPU.Build.0 = Debug|Any CPU
		{8F1ECEE9-6471-4608-B6AB-B0F17E8641E7}.Release|Any CPU.ActiveCfg = Release|Any CPU
		{8F1ECEE9-6471-4608-B6AB-B0F17E8641E7}.Release|Any CPU.Build.0 = Release|Any CPU
		{82975906-6E47-4DF7-989A-6175BB1E3DE5}.Debug|Any CPU.ActiveCfg = Debug|Any CPU
		{82975906-6E47-4DF7-989A-6175BB1E3DE5}.Debug|Any CPU.Build.0 = Debug|Any CPU
		{82975906-6E47-4DF7-989A-6175BB1E3DE5}.Release|Any CPU.ActiveCfg = Release|Any CPU
		{82975906-6E47-4DF7-989A-6175BB1E3DE5}.Release|Any CPU.Build.0 = Release|Any CPU
		{99E3CE28-4C35-4252-8E6C-47AB6B4A3E64}.Debug|Any CPU.ActiveCfg = Debug|Any CPU
		{99E3CE28-4C35-4252-8E6C-47AB6B4A3E64}.Debug|Any CPU.Build.0 = Debug|Any CPU
		{99E3CE28-4C35-4252-8E6C-47AB6B4A3E64}.Release|Any CPU.ActiveCfg = Release|Any CPU
		{99E3CE28-4C35-4252-8E6C-47AB6B4A3E64}.Release|Any CPU.Build.0 = Release|Any CPU
		{78F8C4B1-AE15-444F-96B2-290C86001083}.Debug|Any CPU.ActiveCfg = Debug|Any CPU
		{78F8C4B1-AE15-444F-96B2-290C86001083}.Debug|Any CPU.Build.0 = Debug|Any CPU
		{78F8C4B1-AE15-444F-96B2-290C86001083}.Release|Any CPU.ActiveCfg = Release|Any CPU
		{78F8C4B1-AE15-444F-96B2-290C86001083}.Release|Any CPU.Build.0 = Release|Any CPU
		{9E235C5A-9E7F-461A-82A2-0510C4A28B02}.Debug|Any CPU.ActiveCfg = Debug|Any CPU
		{9E235C5A-9E7F-461A-82A2-0510C4A28B02}.Debug|Any CPU.Build.0 = Debug|Any CPU
		{9E235C5A-9E7F-461A-82A2-0510C4A28B02}.Release|Any CPU.ActiveCfg = Release|Any CPU
		{9E235C5A-9E7F-461A-82A2-0510C4A28B02}.Release|Any CPU.Build.0 = Release|Any CPU
		{67E9D800-F1A5-4333-A4E6-B3A478251940}.Debug|Any CPU.ActiveCfg = Debug|Any CPU
		{67E9D800-F1A5-4333-A4E6-B3A478251940}.Debug|Any CPU.Build.0 = Debug|Any CPU
		{67E9D800-F1A5-4333-A4E6-B3A478251940}.Release|Any CPU.ActiveCfg = Release|Any CPU
		{67E9D800-F1A5-4333-A4E6-B3A478251940}.Release|Any CPU.Build.0 = Release|Any CPU
	EndGlobalSection
	GlobalSection(SolutionProperties) = preSolution
		HideSolutionNode = FALSE
	EndGlobalSection
	GlobalSection(ExtensibilityGlobals) = postSolution
		SolutionGuid = {13F81E61-6A65-452F-B1D7-48A6E12B2E79}
	EndGlobalSection
EndGlobal
